
Microsoft Visual Studio Solution File, Format Version 12.00
Project("{FAE04EC0-301F-11D3-BF4B-00C04F79EFBC}") = "HospitalAppointmentSystem.Application", "HospitalAppointmentSystem.Application\HospitalAppointmentSystem.Application.csproj", "{5FC00CDA-77A1-4163-ACF3-D6259CA98E4E}"
EndProject
Project("{FAE04EC0-301F-11D3-BF4B-00C04F79EFBC}") = "HospitalAppointmentSystem.DataAccess", "HospitalAppointmentSystem.DataAccess\HospitalAppointmentSystem.DataAccess.csproj", "{8AC8DED3-FE23-4019-8E51-A69A1DE55529}"
EndProject
Project("{FAE04EC0-301F-11D3-BF4B-00C04F79EFBC}") = "HospitalAppointmentSystem.Core", "HospitalAppointmentSystem.Core\HospitalAppointmentSystem.Core.csproj", "{34074960-4194-4BCB-982F-CD5ECF225E58}"
EndProject
Project("{FAE04EC0-301F-11D3-BF4B-00C04F79EFBC}") = "HospitalAppointmentSystem.Model", "HospitalAppointmentSystem.Model\HospitalAppointmentSystem.Model.csproj", "{33692DA4-87C0-4100-9245-FCCCA860E1CF}"
EndProject
Project("{FAE04EC0-301F-11D3-BF4B-00C04F79EFBC}") = "HospitalAppointmentSystem.CrossCutting", "HospitalAppointmentSystem.CrossCutting\HospitalAppointmentSystem.CrossCutting.csproj", "{31A4F158-A35A-415E-A495-702E2ADC072B}"
EndProject
Project("{FAE04EC0-301F-11D3-BF4B-00C04F79EFBC}") = "HospitalAppointmentSystem.Api", "HospitalAppointmentSystem.Api\HospitalAppointmentSystem.Api.csproj", "{B044C362-07AC-4AF5-82E7-EF8FBE060817}"
EndProject
Global
	GlobalSection(SolutionConfigurationPlatforms) = preSolution
		Debug|Any CPU = Debug|Any CPU
		Release|Any CPU = Release|Any CPU
	EndGlobalSection
	GlobalSection(ProjectConfigurationPlatforms) = postSolution
		{5FC00CDA-77A1-4163-ACF3-D6259CA98E4E}.Debug|Any CPU.ActiveCfg = Debug|Any CPU
		{5FC00CDA-77A1-4163-ACF3-D6259CA98E4E}.Debug|Any CPU.Build.0 = Debug|Any CPU
		{5FC00CDA-77A1-4163-ACF3-D6259CA98E4E}.Release|Any CPU.ActiveCfg = Release|Any CPU
		{5FC00CDA-77A1-4163-ACF3-D6259CA98E4E}.Release|Any CPU.Build.0 = Release|Any CPU
		{8AC8DED3-FE23-4019-8E51-A69A1DE55529}.Debug|Any CPU.ActiveCfg = Debug|Any CPU
		{8AC8DED3-FE23-4019-8E51-A69A1DE55529}.Debug|Any CPU.Build.0 = Debug|Any CPU
		{8AC8DED3-FE23-4019-8E51-A69A1DE55529}.Release|Any CPU.ActiveCfg = Release|Any CPU
		{8AC8DED3-FE23-4019-8E51-A69A1DE55529}.Release|Any CPU.Build.0 = Release|Any CPU
		{34074960-4194-4BCB-982F-CD5ECF225E58}.Debug|Any CPU.ActiveCfg = Debug|Any CPU
		{34074960-4194-4BCB-982F-CD5ECF225E58}.Debug|Any CPU.Build.0 = Debug|Any CPU
		{34074960-4194-4BCB-982F-CD5ECF225E58}.Release|Any CPU.ActiveCfg = Release|Any CPU
		{34074960-4194-4BCB-982F-CD5ECF225E58}.Release|Any CPU.Build.0 = Release|Any CPU
		{33692DA4-87C0-4100-9245-FCCCA860E1CF}.Debug|Any CPU.ActiveCfg = Debug|Any CPU
		{33692DA4-87C0-4100-9245-FCCCA860E1CF}.Debug|Any CPU.Build.0 = Debug|Any CPU
		{33692DA4-87C0-4100-9245-FCCCA860E1CF}.Release|Any CPU.ActiveCfg = Release|Any CPU
		{33692DA4-87C0-4100-9245-FCCCA860E1CF}.Release|Any CPU.Build.0 = Release|Any CPU
		{31A4F158-A35A-415E-A495-702E2ADC072B}.Debug|Any CPU.ActiveCfg = Debug|Any CPU
		{31A4F158-A35A-415E-A495-702E2ADC072B}.Debug|Any CPU.Build.0 = Debug|Any CPU
		{31A4F158-A35A-415E-A495-702E2ADC072B}.Release|Any CPU.ActiveCfg = Release|Any CPU
		{31A4F158-A35A-415E-A495-702E2ADC072B}.Release|Any CPU.Build.0 = Release|Any CPU
		{B044C362-07AC-4AF5-82E7-EF8FBE060817}.Debug|Any CPU.ActiveCfg = Debug|Any CPU
		{B044C362-07AC-4AF5-82E7-EF8FBE060817}.Debug|Any CPU.Build.0 = Debug|Any CPU
		{B044C362-07AC-4AF5-82E7-EF8FBE060817}.Release|Any CPU.ActiveCfg = Release|Any CPU
		{B044C362-07AC-4AF5-82E7-EF8FBE060817}.Release|Any CPU.Build.0 = Release|Any CPU
	EndGlobalSection
EndGlobal
